
Microsoft Visual Studio Solution File, Format Version 12.00
# Visual Studio Version 17
VisualStudioVersion = 17.14.36717.8 d17.14
MinimumVisualStudioVersion = 10.0.40219.1
Project("{FAE04EC0-301F-11D3-BF4B-00C04F79EFBC}") = "BillingAPI", "BillingAPI.csproj", "{02DF0915-81D3-4498-9C48-6A6948A068AD}"
EndProject
Global
	GlobalSection(SolutionConfigurationPlatforms) = preSolution
		Debug|Any CPU = Debug|Any CPU
		Release|Any CPU = Release|Any CPU
	EndGlobalSection
	GlobalSection(ProjectConfigurationPlatforms) = postSolution
		{02DF0915-81D3-4498-9C48-6A6948A068AD}.Debug|Any CPU.ActiveCfg = Debug|Any CPU
		{02DF0915-81D3-4498-9C48-6A6948A068AD}.Debug|Any CPU.Build.0 = Debug|Any CPU
		{02DF0915-81D3-4498-9C48-6A6948A068AD}.Release|Any CPU.ActiveCfg = Release|Any CPU
		{02DF0915-81D3-4498-9C48-6A6948A068AD}.Release|Any CPU.Build.0 = Release|Any CPU
	EndGlobalSection
	GlobalSection(SolutionProperties) = preSolution
		HideSolutionNode = FALSE
	EndGlobalSection
	GlobalSection(ExtensibilityGlobals) = postSolution
		SolutionGuid = {6E2BD1CB-C6F0-46A9-94A8-19CDF11C9B03}
	EndGlobalSection
EndGlobal
